
Microsoft Visual Studio Solution File, Format Version 12.00
# Visual Studio Version 17
VisualStudioVersion = 17.6.33815.320
MinimumVisualStudioVersion = 10.0.40219.1
Project("{FAE04EC0-301F-11D3-BF4B-00C04F79EFBC}") = "SingletonMultithreading", "SingletonMultithreading.csproj", "{236F5BD6-C61A-4E03-9C89-F11B9293B87F}"
EndProject
Global
	GlobalSection(SolutionConfigurationPlatforms) = preSolution
		Debug|Any CPU = Debug|Any CPU
		Release|Any CPU = Release|Any CPU
	EndGlobalSection
	GlobalSection(ProjectConfigurationPlatforms) = postSolution
		{236F5BD6-C61A-4E03-9C89-F11B9293B87F}.Debug|Any CPU.ActiveCfg = Debug|Any CPU
		{236F5BD6-C61A-4E03-9C89-F11B9293B87F}.Debug|Any CPU.Build.0 = Debug|Any CPU
		{236F5BD6-C61A-4E03-9C89-F11B9293B87F}.Release|Any CPU.ActiveCfg = Release|Any CPU
		{236F5BD6-C61A-4E03-9C89-F11B9293B87F}.Release|Any CPU.Build.0 = Release|Any CPU
	EndGlobalSection
	GlobalSection(SolutionProperties) = preSolution
		HideSolutionNode = FALSE
	EndGlobalSection
	GlobalSection(ExtensibilityGlobals) = postSolution
		SolutionGuid = {E534D073-6C7F-4053-BA04-EDFC96B57B09}
	EndGlobalSection
EndGlobal
